<?xml version="1.0" encoding="utf-8"?>
<Project ToolsVersion="17.0" xmlns="http://schemas.microsoft.com/developer/msbuild/2003">
  <ItemGroup>
    <ClCompile Include="C:\Users\Elève\Downloads\Projet\User-Space CPU Blit Prototype\DXGI_version\main_magnifier.cpp">
      <Filter>Source Files</Filter>
    </ClCompile>
  </ItemGroup>
  <ItemGroup>
    <CustomBuild Include="C:\Users\Elève\Downloads\Projet\User-Space CPU Blit Prototype\DXGI_version\CMakeLists.txt" />
  </ItemGroup>
  <ItemGroup>
    <Filter Include="Source Files">
      <UniqueIdentifier>{95102916-17BE-3047-99AE-6BD7F34A1286}</UniqueIdentifier>
    </Filter>
  </ItemGroup>
</Project>
