<?xml version="1.0" encoding="utf-8"?>
<Project ToolsVersion="17.0" xmlns="http://schemas.microsoft.com/developer/msbuild/2003">
  <ItemGroup>
    <CustomBuild Include="C:\Users\Elève\Downloads\Projet\User-Space CPU Blit Prototype\DXGI_version\build_mag\CMakeFiles\9890271a7650647a451ee1ae945aee24\generate.stamp.rule">
      <Filter>CMake Rules</Filter>
    </CustomBuild>
  </ItemGroup>
  <ItemGroup>
    <Filter Include="CMake Rules">
      <UniqueIdentifier>{6A4CC93C-8DF0-3321-B0B7-1645AE3E66D4}</UniqueIdentifier>
    </Filter>
  </ItemGroup>
</Project>
